
Microsoft Visual Studio Solution File, Format Version 12.00
# Visual Studio Version 17
VisualStudioVersion = 17.2.32519.379
MinimumVisualStudioVersion = 10.0.40219.1
Project("{FAE04EC0-301F-11D3-BF4B-00C04F79EFBC}") = "Pain.001.Generator", "Pain.001.Generator\Pain.001.Generator.csproj", "{A1C2C49A-4C62-4AF2-808E-8370003CA504}"
EndProject
Global
	GlobalSection(SolutionConfigurationPlatforms) = preSolution
		Debug|Any CPU = Debug|Any CPU
		Release|Any CPU = Release|Any CPU
	EndGlobalSection
	GlobalSection(ProjectConfigurationPlatforms) = postSolution
		{A1C2C49A-4C62-4AF2-808E-8370003CA504}.Debug|Any CPU.ActiveCfg = Debug|Any CPU
		{A1C2C49A-4C62-4AF2-808E-8370003CA504}.Debug|Any CPU.Build.0 = Debug|Any CPU
		{A1C2C49A-4C62-4AF2-808E-8370003CA504}.Release|Any CPU.ActiveCfg = Release|Any CPU
		{A1C2C49A-4C62-4AF2-808E-8370003CA504}.Release|Any CPU.Build.0 = Release|Any CPU
	EndGlobalSection
	GlobalSection(SolutionProperties) = preSolution
		HideSolutionNode = FALSE
	EndGlobalSection
	GlobalSection(ExtensibilityGlobals) = postSolution
		SolutionGuid = {4BBD68AB-D6CE-4940-A566-C2B545FBCEF8}
	EndGlobalSection
EndGlobal
